
Microsoft Visual Studio Solution File, Format Version 12.00
# Visual Studio 2013
VisualStudioVersion = 12.0.40629.0
MinimumVisualStudioVersion = 10.0.40219.1
Project("{FAE04EC0-301F-11D3-BF4B-00C04F79EFBC}") = "School", "School\School.csproj", "{2E6ED2CD-81E8-46D8-B53C-B17F5ED4D859}"
EndProject
Project("{FAE04EC0-301F-11D3-BF4B-00C04F79EFBC}") = "School.Tests", "School.Tests\School.Tests.csproj", "{F6097B35-C88A-4A11-BA70-EEED7DD82770}"
EndProject
Global
	GlobalSection(SolutionConfigurationPlatforms) = preSolution
		Debug|Any CPU = Debug|Any CPU
		Release|Any CPU = Release|Any CPU
	EndGlobalSection
	GlobalSection(ProjectConfigurationPlatforms) = postSolution
		{2E6ED2CD-81E8-46D8-B53C-B17F5ED4D859}.Debug|Any CPU.ActiveCfg = Debug|Any CPU
		{2E6ED2CD-81E8-46D8-B53C-B17F5ED4D859}.Debug|Any CPU.Build.0 = Debug|Any CPU
		{2E6ED2CD-81E8-46D8-B53C-B17F5ED4D859}.Release|Any CPU.ActiveCfg = Release|Any CPU
		{2E6ED2CD-81E8-46D8-B53C-B17F5ED4D859}.Release|Any CPU.Build.0 = Release|Any CPU
		{F6097B35-C88A-4A11-BA70-EEED7DD82770}.Debug|Any CPU.ActiveCfg = Debug|Any CPU
		{F6097B35-C88A-4A11-BA70-EEED7DD82770}.Debug|Any CPU.Build.0 = Debug|Any CPU
		{F6097B35-C88A-4A11-BA70-EEED7DD82770}.Release|Any CPU.ActiveCfg = Release|Any CPU
		{F6097B35-C88A-4A11-BA70-EEED7DD82770}.Release|Any CPU.Build.0 = Release|Any CPU
	EndGlobalSection
	GlobalSection(SolutionProperties) = preSolution
		HideSolutionNode = FALSE
	EndGlobalSection
EndGlobal
